# THIS IS AN AUTOGENERATED FILE. DO NOT EDIT THIS FILE DIRECTLY.
# yarn lockfile v1


diokuz-yarn-nested-dedupe-a@^1.0.0:
  version "1.1.0"
  resolved "https://registry.yarnpkg.com/diokuz-yarn-nested-dedupe-a/-/diokuz-yarn-nested-dedupe-a-1.1.0.tgz#9c41f1e6d7ee4bf0f7905bdaf26fa1acfea064c5"
  integrity sha512-yoP/rpCtDHtEEVMOHcXHLHetiB5qLgerAV2eWek997+k+CsKVFbeTlbaxyMSD7rbnE4xQl4V2aQbMMy4kCOMTA==
  dependencies:
    diokuz-yarn-nested-dedupe-dep "^1.0.0"

diokuz-yarn-nested-dedupe-a@^2.0.0:
  version "2.0.0"
  resolved "https://registry.yarnpkg.com/diokuz-yarn-nested-dedupe-a/-/diokuz-yarn-nested-dedupe-a-2.0.0.tgz#78b77c7a5deae688c6b6c8113e6ce70ecc2f0ba4"
  integrity sha512-nJwwcOx58ODLtg2yZydRrDO+sxQthGESzfBDI5moiHVpEq/zFQr8OJf/Gf1vkv0YGb4qaQU46+d7OHASt+FsLg==
  dependencies:
    diokuz-yarn-nested-dedupe-dep "^2.0.0"

diokuz-yarn-nested-dedupe-b@^1.0.0:
  version "1.1.0"
  resolved "https://registry.yarnpkg.com/diokuz-yarn-nested-dedupe-b/-/diokuz-yarn-nested-dedupe-b-1.1.0.tgz#4a830c682a01055d00ffd5ddfb2aaf5f2667b17a"
  integrity sha512-mpcQNStE59HWR/7Y/r2pLN+Gvk6uFAFTsuEMVzcrNaqGPV6upWuyFSyaFAPgNWhJNat4SlN0vZFT3KC9GyYoiA==
  dependencies:
    diokuz-yarn-nested-dedupe-dep "^1.0.0"

diokuz-yarn-nested-dedupe-b@^2.0.0:
  version "2.0.0"
  resolved "https://registry.yarnpkg.com/diokuz-yarn-nested-dedupe-b/-/diokuz-yarn-nested-dedupe-b-2.0.0.tgz#bc66ecb1202c60763153b8434585477f181dcfc3"
  integrity sha512-kvMjYGLI2W3ky2MnBY0bg7wFlnUrf+CPHhoqpZThnF9SOJACyay+yIvJYwxA/IxHPQ1ys8zEWD2qkZcI+L2GZw==
  dependencies:
    diokuz-yarn-nested-dedupe-dep "^2.0.0"

diokuz-yarn-nested-dedupe-c@^2.0.0:
  version "2.0.0"
  resolved "https://registry.yarnpkg.com/diokuz-yarn-nested-dedupe-c/-/diokuz-yarn-nested-dedupe-c-2.0.0.tgz#73aa587d07b4fbc3cb631068ed7e26447ba6a4ac"
  integrity sha512-xUw9ZRGt3dAMy99GA4m9UD4Cz+akeGGJQt1sxl1Y4J18wOkTaVGaNpJVhysg340uSJQgBrlBXM6EscS/rp2C6w==
  dependencies:
    diokuz-yarn-nested-dedupe-a "^2.0.0"
    diokuz-yarn-nested-dedupe-b "^2.0.0"

diokuz-yarn-nested-dedupe-dep@^1.0.0:
  version "1.0.0"
  resolved "https://registry.yarnpkg.com/diokuz-yarn-nested-dedupe-dep/-/diokuz-yarn-nested-dedupe-dep-1.0.0.tgz#0bb6bf6ac1b76de3fe797523b4e982bf9576a77a"
  integrity sha512-62ITGneQhx+etALwnBKkYGn8eI9zsDpqbX9wf3LZp7D0Kd4IuVaCJVgBg7dgJDKdhHK5CEKN0ZApU1yePX1NJA==

diokuz-yarn-nested-dedupe-dep@^2.0.0:
  version "2.0.0"
  resolved "https://registry.yarnpkg.com/diokuz-yarn-nested-dedupe-dep/-/diokuz-yarn-nested-dedupe-dep-2.0.0.tgz#3600891f1cfffd315973327711c9d08c0342e5a6"
  integrity sha512-To8yJ0iQ+k5WO0vpLMoCC0QycIXOG9SPTEVkQK6U6Y385L9CF0bPnit42vTdC7FWXSG9ldy4IBftlS2rN7Q8Fg==
