# THIS IS AN AUTOGENERATED FILE. DO NOT EDIT THIS FILE DIRECTLY.
# yarn lockfile v1


diokuz-yarn-nested-dedupe-a@^1.1.0:
  version "1.1.0"
  resolved "https://registry.yarnpkg.com/diokuz-yarn-nested-dedupe-a/-/diokuz-yarn-nested-dedupe-a-1.1.0.tgz#9c41f1e6d7ee4bf0f7905bdaf26fa1acfea064c5"
  integrity sha512-yoP/rpCtDHtEEVMOHcXHLHetiB5qLgerAV2eWek997+k+CsKVFbeTlbaxyMSD7rbnE4xQl4V2aQbMMy4kCOMTA==
  dependencies:
    diokuz-yarn-nested-dedupe-dep "^1.0.0"

diokuz-yarn-nested-dedupe-b@^1.1.0:
  version "1.1.0"
  resolved "https://registry.yarnpkg.com/diokuz-yarn-nested-dedupe-b/-/diokuz-yarn-nested-dedupe-b-1.1.0.tgz#4a830c682a01055d00ffd5ddfb2aaf5f2667b17a"
  integrity sha512-mpcQNStE59HWR/7Y/r2pLN+Gvk6uFAFTsuEMVzcrNaqGPV6upWuyFSyaFAPgNWhJNat4SlN0vZFT3KC9GyYoiA==
  dependencies:
    diokuz-yarn-nested-dedupe-dep "^1.0.0"

diokuz-yarn-nested-dedupe-c@^1.1.0:
  version "1.1.0"
  resolved "https://registry.yarnpkg.com/diokuz-yarn-nested-dedupe-c/-/diokuz-yarn-nested-dedupe-c-1.1.0.tgz#4a8ea1649645201693e2283009d03748c3db7e83"
  integrity sha512-SLtjay+59cNj70TfWi3b2qEFE8BvTrp1+nDmh1rhoKw4NF0c5B+oRvBpV6QcBFrvreXTpYQn6iHgPAHbfUj58w==
  dependencies:
    diokuz-yarn-nested-dedupe-dep "^2.0.0"

diokuz-yarn-nested-dedupe-d@^1.1.0:
  version "1.1.0"
  resolved "https://registry.yarnpkg.com/diokuz-yarn-nested-dedupe-d/-/diokuz-yarn-nested-dedupe-d-1.1.0.tgz#acec00f02f8f03d5d7601713d8967e268199bb98"
  integrity sha512-eeIZw+k5OGoyDQSKAJR8HB4Gq31y6h0u4C+qhpo/0cnO0uGxSEYHTW9uAd4MBpFejSy+4pUbUP5e3xRK3Zo+Aw==
  dependencies:
    diokuz-yarn-nested-dedupe-dep "^2.0.0"

diokuz-yarn-nested-dedupe-dep@^1.0.0:
  version "1.0.0"
  resolved "https://registry.yarnpkg.com/diokuz-yarn-nested-dedupe-dep/-/diokuz-yarn-nested-dedupe-dep-1.0.0.tgz#0bb6bf6ac1b76de3fe797523b4e982bf9576a77a"
  integrity sha512-62ITGneQhx+etALwnBKkYGn8eI9zsDpqbX9wf3LZp7D0Kd4IuVaCJVgBg7dgJDKdhHK5CEKN0ZApU1yePX1NJA==

diokuz-yarn-nested-dedupe-dep@^2.0.0:
  version "2.0.0"
  resolved "https://registry.yarnpkg.com/diokuz-yarn-nested-dedupe-dep/-/diokuz-yarn-nested-dedupe-dep-2.0.0.tgz#3600891f1cfffd315973327711c9d08c0342e5a6"
  integrity sha512-To8yJ0iQ+k5WO0vpLMoCC0QycIXOG9SPTEVkQK6U6Y385L9CF0bPnit42vTdC7FWXSG9ldy4IBftlS2rN7Q8Fg==
